
Microsoft Visual Studio Solution File, Format Version 12.00
# Visual Studio Version 16
VisualStudioVersion = 16.0.29230.47
MinimumVisualStudioVersion = 10.0.40219.1
Project("{FAE04EC0-301F-11D3-BF4B-00C04F79EFBC}") = "TrendyAlterations", "TrendyAlterations\TrendyAlterations.csproj", "{CEC16838-BC15-4545-9954-99FEA3B0D99C}"
EndProject
Global
	GlobalSection(SolutionConfigurationPlatforms) = preSolution
		Debug|Any CPU = Debug|Any CPU
		Release|Any CPU = Release|Any CPU
	EndGlobalSection
	GlobalSection(ProjectConfigurationPlatforms) = postSolution
		{CEC16838-BC15-4545-9954-99FEA3B0D99C}.Debug|Any CPU.ActiveCfg = Debug|Any CPU
		{CEC16838-BC15-4545-9954-99FEA3B0D99C}.Debug|Any CPU.Build.0 = Debug|Any CPU
		{CEC16838-BC15-4545-9954-99FEA3B0D99C}.Release|Any CPU.ActiveCfg = Release|Any CPU
		{CEC16838-BC15-4545-9954-99FEA3B0D99C}.Release|Any CPU.Build.0 = Release|Any CPU
	EndGlobalSection
	GlobalSection(SolutionProperties) = preSolution
		HideSolutionNode = FALSE
	EndGlobalSection
	GlobalSection(ExtensibilityGlobals) = postSolution
		SolutionGuid = {10FD8428-D4E8-4F33-9987-341610692D99}
	EndGlobalSection
EndGlobal
